
Microsoft Visual Studio Solution File, Format Version 10.00
# Visual Studio 2008
Project("{8BC9CEB8-8B4A-11D0-8D11-00A0C91BC942}") = "libnet", "LibNet\libnet.vcproj", "{61EC1C61-199D-46A1-9983-CFDF08D24D38}"
EndProject
Global
	GlobalSection(SolutionConfigurationPlatforms) = preSolution
		Debug|Win32 = Debug|Win32
		Release|Win32 = Release|Win32
	EndGlobalSection
	GlobalSection(ProjectConfigurationPlatforms) = postSolution
		{61EC1C61-199D-46A1-9983-CFDF08D24D38}.Debug|Win32.ActiveCfg = Debug|Win32
		{61EC1C61-199D-46A1-9983-CFDF08D24D38}.Debug|Win32.Build.0 = Debug|Win32
		{61EC1C61-199D-46A1-9983-CFDF08D24D38}.Release|Win32.ActiveCfg = Release|Win32
		{61EC1C61-199D-46A1-9983-CFDF08D24D38}.Release|Win32.Build.0 = Release|Win32
	EndGlobalSection
	GlobalSection(SolutionProperties) = preSolution
		HideSolutionNode = FALSE
	EndGlobalSection
EndGlobal
