
Microsoft Visual Studio Solution File, Format Version 9.00
# Visual Studio 2005
Project("{8BC9CEB8-8B4A-11D0-8D11-00A0C91BC942}") = "DllThread", "DllThread\DllThread.vcproj", "{8957404A-3171-404A-A34C-829C83CD8B03}"
EndProject
Project("{8BC9CEB8-8B4A-11D0-8D11-00A0C91BC942}") = "DllUser", "DllUser\DllUser.vcproj", "{E77FB4B8-188B-4174-A37D-23B304372573}"
EndProject
Global
	GlobalSection(SolutionConfigurationPlatforms) = preSolution
		Debug|Win32 = Debug|Win32
		Release|Win32 = Release|Win32
	EndGlobalSection
	GlobalSection(ProjectConfigurationPlatforms) = postSolution
		{8957404A-3171-404A-A34C-829C83CD8B03}.Debug|Win32.ActiveCfg = Debug|Win32
		{8957404A-3171-404A-A34C-829C83CD8B03}.Debug|Win32.Build.0 = Debug|Win32
		{8957404A-3171-404A-A34C-829C83CD8B03}.Release|Win32.ActiveCfg = Release|Win32
		{8957404A-3171-404A-A34C-829C83CD8B03}.Release|Win32.Build.0 = Release|Win32
		{E77FB4B8-188B-4174-A37D-23B304372573}.Debug|Win32.ActiveCfg = Debug|Win32
		{E77FB4B8-188B-4174-A37D-23B304372573}.Debug|Win32.Build.0 = Debug|Win32
		{E77FB4B8-188B-4174-A37D-23B304372573}.Release|Win32.ActiveCfg = Release|Win32
		{E77FB4B8-188B-4174-A37D-23B304372573}.Release|Win32.Build.0 = Release|Win32
	EndGlobalSection
	GlobalSection(SolutionProperties) = preSolution
		HideSolutionNode = FALSE
	EndGlobalSection
EndGlobal
